
Microsoft Visual Studio Solution File, Format Version 12.00
# Visual Studio Version 17
VisualStudioVersion = 17.5.002.0
MinimumVisualStudioVersion = 10.0.40219.1
Project("{9A19103F-16F7-4668-BE54-9A1E7A4F7556}") = "GuyangLib", "GuyangLib.csproj", "{8999A40A-F84F-4798-9D87-057215EB2E6B}"
EndProject
Global
	GlobalSection(SolutionConfigurationPlatforms) = preSolution
		Debug|Any CPU = Debug|Any CPU
		Release|Any CPU = Release|Any CPU
	EndGlobalSection
	GlobalSection(ProjectConfigurationPlatforms) = postSolution
		{8999A40A-F84F-4798-9D87-057215EB2E6B}.Debug|Any CPU.ActiveCfg = Debug|Any CPU
		{8999A40A-F84F-4798-9D87-057215EB2E6B}.Debug|Any CPU.Build.0 = Debug|Any CPU
		{8999A40A-F84F-4798-9D87-057215EB2E6B}.Release|Any CPU.ActiveCfg = Release|Any CPU
		{8999A40A-F84F-4798-9D87-057215EB2E6B}.Release|Any CPU.Build.0 = Release|Any CPU
	EndGlobalSection
	GlobalSection(SolutionProperties) = preSolution
		HideSolutionNode = FALSE
	EndGlobalSection
	GlobalSection(ExtensibilityGlobals) = postSolution
		SolutionGuid = {968D24F7-3A17-4822-8F2C-5C9E6773AAB6}
	EndGlobalSection
EndGlobal
